// !$*UTF8*$!
{
	archiveVersion = 1;
	classes = {
	};
	objectVersion = 42;
	objects = {

/* Begin PBXBuildFile section */
		D8F2E3CB12CEA050003AEA15 /* main.m in Sources */ = {isa = PBXBuildFile; fileRef = D8F2E3CA12CEA050003AEA15 /* main.m */; };
		D8F2E3E012CEA0FE003AEA15 /* ApplicationServices.framework in Frameworks */ = {isa = PBXBuildFile; fileRef = D8F2E3DF12CEA0FE003AEA15 /* ApplicationServices.framework */; };
		D8F2E51712CEB4E6003AEA15 /* Foundation.framework in Frameworks */ = {isa = PBXBuildFile; fileRef = D8F2E51612CEB4E6003AEA15 /* Foundation.framework */; };
		D8F2E60E12CEBD36003AEA15 /* NSData+TLBase64.m in Sources */ = {isa = PBXBuildFile; fileRef = D8F2E60D12CEBD36003AEA15 /* NSData+TLBase64.m */; };
		D8F2E67D12CEC36A003AEA15 /* TLJSON.m in Sources */ = {isa = PBXBuildFile; fileRef = D8F2E67C12CEC36A003AEA15 /* TLJSON.m */; };
/* End PBXBuildFile section */

/* Begin PBXFileReference section */
		D8F2E3BD12CEA033003AEA15 /* getphoto */ = {isa = PBXFileReference; explicitFileType = "compiled.mach-o.executable"; includeInIndex = 0; path = getphoto; sourceTree = BUILT_PRODUCTS_DIR; };
		D8F2E3CA12CEA050003AEA15 /* main.m */ = {isa = PBXFileReference; fileEncoding = 4; lastKnownFileType = sourcecode.c.objc; path = main.m; sourceTree = "<group>"; };
		D8F2E3DF12CEA0FE003AEA15 /* ApplicationServices.framework */ = {isa = PBXFileReference; lastKnownFileType = wrapper.framework; name = ApplicationServices.framework; path = /System/Library/Frameworks/ApplicationServices.framework; sourceTree = "<absolute>"; };
		D8F2E51612CEB4E6003AEA15 /* Foundation.framework */ = {isa = PBXFileReference; lastKnownFileType = wrapper.framework; name = Foundation.framework; path = /System/Library/Frameworks/Foundation.framework; sourceTree = "<absolute>"; };
		D8F2E60C12CEBD36003AEA15 /* NSData+TLBase64.h */ = {isa = PBXFileReference; fileEncoding = 4; lastKnownFileType = sourcecode.c.h; path = "NSData+TLBase64.h"; sourceTree = "<group>"; };
		D8F2E60D12CEBD36003AEA15 /* NSData+TLBase64.m */ = {isa = PBXFileReference; fileEncoding = 4; lastKnownFileType = sourcecode.c.objc; path = "NSData+TLBase64.m"; sourceTree = "<group>"; };
		D8F2E67B12CEC36A003AEA15 /* TLJSON.h */ = {isa = PBXFileReference; fileEncoding = 4; lastKnownFileType = sourcecode.c.h; path = TLJSON.h; sourceTree = "<group>"; };
		D8F2E67C12CEC36A003AEA15 /* TLJSON.m */ = {isa = PBXFileReference; fileEncoding = 4; lastKnownFileType = sourcecode.c.objc; path = TLJSON.m; sourceTree = "<group>"; };
/* End PBXFileReference section */

/* Begin PBXFrameworksBuildPhase section */
		D8F2E3BB12CEA033003AEA15 /* Frameworks */ = {
			isa = PBXFrameworksBuildPhase;
			buildActionMask = 2147483647;
			files = (
				D8F2E3E012CEA0FE003AEA15 /* ApplicationServices.framework in Frameworks */,
				D8F2E51712CEB4E6003AEA15 /* Foundation.framework in Frameworks */,
			);
			runOnlyForDeploymentPostprocessing = 0;
		};
/* End PBXFrameworksBuildPhase section */

/* Begin PBXGroup section */
		D8F2E3AF12CEA000003AEA15 = {
			isa = PBXGroup;
			children = (
				D8F2E3BE12CEA033003AEA15 /* Products */,
				D8F2E3DF12CEA0FE003AEA15 /* ApplicationServices.framework */,
				D8F2E51612CEB4E6003AEA15 /* Foundation.framework */,
				D8F2E3CA12CEA050003AEA15 /* main.m */,
				D8F2E67B12CEC36A003AEA15 /* TLJSON.h */,
				D8F2E67C12CEC36A003AEA15 /* TLJSON.m */,
				D8F2E60C12CEBD36003AEA15 /* NSData+TLBase64.h */,
				D8F2E60D12CEBD36003AEA15 /* NSData+TLBase64.m */,
			);
			sourceTree = "<group>";
		};
		D8F2E3BE12CEA033003AEA15 /* Products */ = {
			isa = PBXGroup;
			children = (
				D8F2E3BD12CEA033003AEA15 /* getphoto */,
			);
			name = Products;
			sourceTree = "<group>";
		};
/* End PBXGroup section */

/* Begin PBXNativeTarget section */
		D8F2E3BC12CEA033003AEA15 /* getphoto */ = {
			isa = PBXNativeTarget;
			buildConfigurationList = D8F2E3C212CEA034003AEA15 /* Build configuration list for PBXNativeTarget "getphoto" */;
			buildPhases = (
				D8F2E3BA12CEA033003AEA15 /* Sources */,
				D8F2E3BB12CEA033003AEA15 /* Frameworks */,
			);
			buildRules = (
			);
			dependencies = (
			);
			name = getphoto;
			productName = getphoto;
			productReference = D8F2E3BD12CEA033003AEA15 /* getphoto */;
			productType = "com.apple.product-type.tool";
		};
/* End PBXNativeTarget section */

/* Begin PBXProject section */
		D8F2E3B112CEA000003AEA15 /* Project object */ = {
			isa = PBXProject;
			buildConfigurationList = D8F2E3B412CEA000003AEA15 /* Build configuration list for PBXProject "getphoto-osx" */;
			compatibilityVersion = "Xcode 2.4";
			hasScannedForEncodings = 0;
			mainGroup = D8F2E3AF12CEA000003AEA15;
			productRefGroup = D8F2E3BE12CEA033003AEA15 /* Products */;
			projectDirPath = "";
			projectRoot = "";
			targets = (
				D8F2E3BC12CEA033003AEA15 /* getphoto */,
			);
		};
/* End PBXProject section */

/* Begin PBXSourcesBuildPhase section */
		D8F2E3BA12CEA033003AEA15 /* Sources */ = {
			isa = PBXSourcesBuildPhase;
			buildActionMask = 2147483647;
			files = (
				D8F2E3CB12CEA050003AEA15 /* main.m in Sources */,
				D8F2E60E12CEBD36003AEA15 /* NSData+TLBase64.m in Sources */,
				D8F2E67D12CEC36A003AEA15 /* TLJSON.m in Sources */,
			);
			runOnlyForDeploymentPostprocessing = 0;
		};
/* End PBXSourcesBuildPhase section */

/* Begin XCBuildConfiguration section */
		D8F2E3B212CEA000003AEA15 /* Debug */ = {
			isa = XCBuildConfiguration;
			buildSettings = {
				COPY_PHASE_STRIP = NO;
				GCC_C_LANGUAGE_STANDARD = c99;
				OTHER_LDFLAGS = "-lcrypto";
				WARNING_CFLAGS = "-Wall";
			};
			name = Debug;
		};
		D8F2E3B312CEA000003AEA15 /* Release */ = {
			isa = XCBuildConfiguration;
			buildSettings = {
				COPY_PHASE_STRIP = YES;
				GCC_C_LANGUAGE_STANDARD = c99;
				OTHER_LDFLAGS = "-lcrypto";
				WARNING_CFLAGS = "-Wall";
			};
			name = Release;
		};
		D8F2E3C012CEA034003AEA15 /* Debug */ = {
			isa = XCBuildConfiguration;
			buildSettings = {
				ALWAYS_SEARCH_USER_PATHS = NO;
				COPY_PHASE_STRIP = NO;
				GCC_DYNAMIC_NO_PIC = NO;
				GCC_ENABLE_FIX_AND_CONTINUE = YES;
				GCC_MODEL_TUNING = G5;
				GCC_OPTIMIZATION_LEVEL = 0;
				INSTALL_PATH = /usr/local/bin;
				PREBINDING = NO;
				PRODUCT_NAME = getphoto;
			};
			name = Debug;
		};
		D8F2E3C112CEA034003AEA15 /* Release */ = {
			isa = XCBuildConfiguration;
			buildSettings = {
				ALWAYS_SEARCH_USER_PATHS = NO;
				COPY_PHASE_STRIP = YES;
				DEBUG_INFORMATION_FORMAT = "dwarf-with-dsym";
				GCC_ENABLE_FIX_AND_CONTINUE = NO;
				GCC_MODEL_TUNING = G5;
				INSTALL_PATH = /usr/local/bin;
				PREBINDING = NO;
				PRODUCT_NAME = getphoto;
				ZERO_LINK = NO;
			};
			name = Release;
		};
/* End XCBuildConfiguration section */

/* Begin XCConfigurationList section */
		D8F2E3B412CEA000003AEA15 /* Build configuration list for PBXProject "getphoto-osx" */ = {
			isa = XCConfigurationList;
			buildConfigurations = (
				D8F2E3B212CEA000003AEA15 /* Debug */,
				D8F2E3B312CEA000003AEA15 /* Release */,
			);
			defaultConfigurationIsVisible = 0;
			defaultConfigurationName = Release;
		};
		D8F2E3C212CEA034003AEA15 /* Build configuration list for PBXNativeTarget "getphoto" */ = {
			isa = XCConfigurationList;
			buildConfigurations = (
				D8F2E3C012CEA034003AEA15 /* Debug */,
				D8F2E3C112CEA034003AEA15 /* Release */,
			);
			defaultConfigurationIsVisible = 0;
			defaultConfigurationName = Release;
		};
/* End XCConfigurationList section */
	};
	rootObject = D8F2E3B112CEA000003AEA15 /* Project object */;
}
